
Microsoft Visual Studio Solution File, Format Version 12.00
# Visual Studio Version 16
VisualStudioVersion = 16.0.31424.327
MinimumVisualStudioVersion = 10.0.40219.1
Project("{FAE04EC0-301F-11D3-BF4B-00C04F79EFBC}") = "Fibonacchi", "Fibonacchi\Fibonacchi.csproj", "{4CC34BE5-3A1B-43DD-B99C-F7EE2C0BA499}"
EndProject
Global
	GlobalSection(SolutionConfigurationPlatforms) = preSolution
		Debug|Any CPU = Debug|Any CPU
		Release|Any CPU = Release|Any CPU
	EndGlobalSection
	GlobalSection(ProjectConfigurationPlatforms) = postSolution
		{4CC34BE5-3A1B-43DD-B99C-F7EE2C0BA499}.Debug|Any CPU.ActiveCfg = Debug|Any CPU
		{4CC34BE5-3A1B-43DD-B99C-F7EE2C0BA499}.Debug|Any CPU.Build.0 = Debug|Any CPU
		{4CC34BE5-3A1B-43DD-B99C-F7EE2C0BA499}.Release|Any CPU.ActiveCfg = Release|Any CPU
		{4CC34BE5-3A1B-43DD-B99C-F7EE2C0BA499}.Release|Any CPU.Build.0 = Release|Any CPU
	EndGlobalSection
	GlobalSection(SolutionProperties) = preSolution
		HideSolutionNode = FALSE
	EndGlobalSection
	GlobalSection(ExtensibilityGlobals) = postSolution
		SolutionGuid = {18D44F31-302E-45BB-A97C-9E1CA7D84BD2}
	EndGlobalSection
EndGlobal
